{
    "requires": true,
    "lockfileVersion": 1,
    "dependencies": {
        "tns-android": {
            "version": "6.5.0",
            "resolved": "https://registry.npmjs.org/tns-android/-/tns-android-6.5.0.tgz",
            "integrity": "sha512-L7vxid4dSGD6CRS9I2HXCeovuSnChCPNmgmScv5K2qIAOLwcPHcQ77oI3gqEWzMIcNDYjmVFGDR0qjzaKxmydw==",
            "dev": true
        },
        "tns-ios": {
            "version": "6.5.0",
            "resolved": "https://registry.npmjs.org/tns-ios/-/tns-ios-6.5.0.tgz",
            "integrity": "sha512-b/Mvj6SHNiwy7VjT8Don+DcdNPClm2D4WQl5G/0hQzhis68kn0BE0cCE/KJVxRsffWE+ncq2z0xng6yUY4lj5w==",
            "dev": true
        }
    }
}
